PODS:
  - FFGlobalAlertController (1.0.2)

DEPENDENCIES:
  - FFGlobalAlertController (from `../`)

EXTERNAL SOURCES:
  FFGlobalAlertController:
    :path: ../

SPEC CHECKSUMS:
  FFGlobalAlertController: 42f4d0428b13c49520a9adc4c2dd6a8183f385a1

PODFILE CHECKSUM: 7698f91382fb969959cb8afa62a1f8410601636a

COCOAPODS: 1.2.1
